{
  "name": "gas-api",
  "version": "1.0.0",
  "lockfileVersion": 2,
  "requires": true,
  "packages": {
    "": {
      "name": "gas-api",
      "version": "1.0.0",
      "license": "ISC",
      "dependencies": {
        "@types/google-apps-script": "^1.0.48"
      },
      "devDependencies": {
        "typescript": "^4.7.3"
      }
    },
    "node_modules/@types/google-apps-script": {
      "version": "1.0.48",
      "resolved": "https://registry.npmjs.org/@types/google-apps-script/-/google-apps-script-1.0.48.tgz",
      "integrity": "sha512-DgM4y8E2LfHHPn+jeb/sXpHMiYwyc6A3wlpFNjB/o5pvqsMNEYVLK2dHKJD0VYOqstbFt/cgCUUC8DB9p1pCAQ=="
    },
    "node_modules/typescript": {
      "version": "4.7.3",
      "resolved": "https://registry.npmjs.org/typescript/-/typescript-4.7.3.tgz",
      "integrity": "sha512-WOkT3XYvrpXx4vMMqlD+8R8R37fZkjyLGlxavMc4iB8lrl8L0DeTcHbYgw/v0N/z9wAFsgBhcsF0ruoySS22mA==",
      "dev": true,
      "bin": {
        "tsc": "bin/tsc",
        "tsserver": "bin/tsserver"
      },
      "engines": {
        "node": ">=4.2.0"
      }
    }
  },
  "dependencies": {
    "@types/google-apps-script": {
      "version": "1.0.48",
      "resolved": "https://registry.npmjs.org/@types/google-apps-script/-/google-apps-script-1.0.48.tgz",
      "integrity": "sha512-DgM4y8E2LfHHPn+jeb/sXpHMiYwyc6A3wlpFNjB/o5pvqsMNEYVLK2dHKJD0VYOqstbFt/cgCUUC8DB9p1pCAQ=="
    },
    "typescript": {
      "version": "4.7.3",
      "resolved": "https://registry.npmjs.org/typescript/-/typescript-4.7.3.tgz",
      "integrity": "sha512-WOkT3XYvrpXx4vMMqlD+8R8R37fZkjyLGlxavMc4iB8lrl8L0DeTcHbYgw/v0N/z9wAFsgBhcsF0ruoySS22mA==",
      "dev": true
    }
  }
}
